
Microsoft Visual Studio Solution File, Format Version 12.00
# Visual Studio Version 17
VisualStudioVersion = 17.0.31903.59
MinimumVisualStudioVersion = 10.0.40219.1
Project("{2150E333-8FDC-42A3-9474-1A3956D46DE8}") = "src", "src", "{827E0CD3-B72D-47B6-A68D-7590B98EB39B}"
EndProject
Project("{FAE04EC0-301F-11D3-BF4B-00C04F79EFBC}") = "AlugueMe.Domain", "src\AlugueMe.Domain\AlugueMe.Domain.csproj", "{6245EDC6-7FF5-4F88-8404-65504C96D181}"
EndProject
Project("{FAE04EC0-301F-11D3-BF4B-00C04F79EFBC}") = "AlugueMe.Application", "src\AlugueMe.Application\AlugueMe.Application.csproj", "{E9FC798A-4A44-4C39-A30F-4D6C45C198D0}"
EndProject
Project("{FAE04EC0-301F-11D3-BF4B-00C04F79EFBC}") = "AlugueMe.Infrastructure", "src\AlugueMe.Infrastructure\AlugueMe.Infrastructure.csproj", "{F1A57537-8919-46B3-889E-B6D419A224CD}"
EndProject
Project("{FAE04EC0-301F-11D3-BF4B-00C04F79EFBC}") = "AlugueMe.Api", "src\AlugueMe.Api\AlugueMe.Api.csproj", "{C460E455-43DF-4AF2-96C3-C1F3E788C0BC}"
EndProject
Project("{2150E333-8FDC-42A3-9474-1A3956D46DE8}") = "tests", "tests", "{0AB3BF05-4346-4AA6-1389-037BE0695223}"
EndProject
Project("{FAE04EC0-301F-11D3-BF4B-00C04F79EFBC}") = "AlugueMe.UnitTests", "tests\AlugueMe.UnitTests\AlugueMe.UnitTests.csproj", "{FCD5CDD1-8953-4575-A4D4-A60BD4C0966B}"
EndProject
Project("{FAE04EC0-301F-11D3-BF4B-00C04F79EFBC}") = "AlugueMe.IntegrationTests", "tests\AlugueMe.IntegrationTests\AlugueMe.IntegrationTests.csproj", "{97FCA0ED-262A-4385-B38B-8B77012EFC60}"
EndProject
Global
	GlobalSection(SolutionConfigurationPlatforms) = preSolution
		Debug|Any CPU = Debug|Any CPU
		Debug|x64 = Debug|x64
		Debug|x86 = Debug|x86
		Release|Any CPU = Release|Any CPU
		Release|x64 = Release|x64
		Release|x86 = Release|x86
	EndGlobalSection
	GlobalSection(ProjectConfigurationPlatforms) = postSolution
		{6245EDC6-7FF5-4F88-8404-65504C96D181}.Debug|Any CPU.ActiveCfg = Debug|Any CPU
		{6245EDC6-7FF5-4F88-8404-65504C96D181}.Debug|Any CPU.Build.0 = Debug|Any CPU
		{6245EDC6-7FF5-4F88-8404-65504C96D181}.Debug|x64.ActiveCfg = Debug|Any CPU
		{6245EDC6-7FF5-4F88-8404-65504C96D181}.Debug|x64.Build.0 = Debug|Any CPU
		{6245EDC6-7FF5-4F88-8404-65504C96D181}.Debug|x86.ActiveCfg = Debug|Any CPU
		{6245EDC6-7FF5-4F88-8404-65504C96D181}.Debug|x86.Build.0 = Debug|Any CPU
		{6245EDC6-7FF5-4F88-8404-65504C96D181}.Release|Any CPU.ActiveCfg = Release|Any CPU
		{6245EDC6-7FF5-4F88-8404-65504C96D181}.Release|Any CPU.Build.0 = Release|Any CPU
		{6245EDC6-7FF5-4F88-8404-65504C96D181}.Release|x64.ActiveCfg = Release|Any CPU
		{6245EDC6-7FF5-4F88-8404-65504C96D181}.Release|x64.Build.0 = Release|Any CPU
		{6245EDC6-7FF5-4F88-8404-65504C96D181}.Release|x86.ActiveCfg = Release|Any CPU
		{6245EDC6-7FF5-4F88-8404-65504C96D181}.Release|x86.Build.0 = Release|Any CPU
		{E9FC798A-4A44-4C39-A30F-4D6C45C198D0}.Debug|Any CPU.ActiveCfg = Debug|Any CPU
		{E9FC798A-4A44-4C39-A30F-4D6C45C198D0}.Debug|Any CPU.Build.0 = Debug|Any CPU
		{E9FC798A-4A44-4C39-A30F-4D6C45C198D0}.Debug|x64.ActiveCfg = Debug|Any CPU
		{E9FC798A-4A44-4C39-A30F-4D6C45C198D0}.Debug|x64.Build.0 = Debug|Any CPU
		{E9FC798A-4A44-4C39-A30F-4D6C45C198D0}.Debug|x86.ActiveCfg = Debug|Any CPU
		{E9FC798A-4A44-4C39-A30F-4D6C45C198D0}.Debug|x86.Build.0 = Debug|Any CPU
		{E9FC798A-4A44-4C39-A30F-4D6C45C198D0}.Release|Any CPU.ActiveCfg = Release|Any CPU
		{E9FC798A-4A44-4C39-A30F-4D6C45C198D0}.Release|Any CPU.Build.0 = Release|Any CPU
		{E9FC798A-4A44-4C39-A30F-4D6C45C198D0}.Release|x64.ActiveCfg = Release|Any CPU
		{E9FC798A-4A44-4C39-A30F-4D6C45C198D0}.Release|x64.Build.0 = Release|Any CPU
		{E9FC798A-4A44-4C39-A30F-4D6C45C198D0}.Release|x86.ActiveCfg = Release|Any CPU
		{E9FC798A-4A44-4C39-A30F-4D6C45C198D0}.Release|x86.Build.0 = Release|Any CPU
		{F1A57537-8919-46B3-889E-B6D419A224CD}.Debug|Any CPU.ActiveCfg = Debug|Any CPU
		{F1A57537-8919-46B3-889E-B6D419A224CD}.Debug|Any CPU.Build.0 = Debug|Any CPU
		{F1A57537-8919-46B3-889E-B6D419A224CD}.Debug|x64.ActiveCfg = Debug|Any CPU
		{F1A57537-8919-46B3-889E-B6D419A224CD}.Debug|x64.Build.0 = Debug|Any CPU
		{F1A57537-8919-46B3-889E-B6D419A224CD}.Debug|x86.ActiveCfg = Debug|Any CPU
		{F1A57537-8919-46B3-889E-B6D419A224CD}.Debug|x86.Build.0 = Debug|Any CPU
		{F1A57537-8919-46B3-889E-B6D419A224CD}.Release|Any CPU.ActiveCfg = Release|Any CPU
		{F1A57537-8919-46B3-889E-B6D419A224CD}.Release|Any CPU.Build.0 = Release|Any CPU
		{F1A57537-8919-46B3-889E-B6D419A224CD}.Release|x64.ActiveCfg = Release|Any CPU
		{F1A57537-8919-46B3-889E-B6D419A224CD}.Release|x64.Build.0 = Release|Any CPU
		{F1A57537-8919-46B3-889E-B6D419A224CD}.Release|x86.ActiveCfg = Release|Any CPU
		{F1A57537-8919-46B3-889E-B6D419A224CD}.Release|x86.Build.0 = Release|Any CPU
		{C460E455-43DF-4AF2-96C3-C1F3E788C0BC}.Debug|Any CPU.ActiveCfg = Debug|Any CPU
		{C460E455-43DF-4AF2-96C3-C1F3E788C0BC}.Debug|Any CPU.Build.0 = Debug|Any CPU
		{C460E455-43DF-4AF2-96C3-C1F3E788C0BC}.Debug|x64.ActiveCfg = Debug|Any CPU
		{C460E455-43DF-4AF2-96C3-C1F3E788C0BC}.Debug|x64.Build.0 = Debug|Any CPU
		{C460E455-43DF-4AF2-96C3-C1F3E788C0BC}.Debug|x86.ActiveCfg = Debug|Any CPU
		{C460E455-43DF-4AF2-96C3-C1F3E788C0BC}.Debug|x86.Build.0 = Debug|Any CPU
		{C460E455-43DF-4AF2-96C3-C1F3E788C0BC}.Release|Any CPU.ActiveCfg = Release|Any CPU
		{C460E455-43DF-4AF2-96C3-C1F3E788C0BC}.Release|Any CPU.Build.0 = Release|Any CPU
		{C460E455-43DF-4AF2-96C3-C1F3E788C0BC}.Release|x64.ActiveCfg = Release|Any CPU
		{C460E455-43DF-4AF2-96C3-C1F3E788C0BC}.Release|x64.Build.0 = Release|Any CPU
		{C460E455-43DF-4AF2-96C3-C1F3E788C0BC}.Release|x86.ActiveCfg = Release|Any CPU
		{C460E455-43DF-4AF2-96C3-C1F3E788C0BC}.Release|x86.Build.0 = Release|Any CPU
		{FCD5CDD1-8953-4575-A4D4-A60BD4C0966B}.Debug|Any CPU.ActiveCfg = Debug|Any CPU
		{FCD5CDD1-8953-4575-A4D4-A60BD4C0966B}.Debug|Any CPU.Build.0 = Debug|Any CPU
		{FCD5CDD1-8953-4575-A4D4-A60BD4C0966B}.Debug|x64.ActiveCfg = Debug|Any CPU
		{FCD5CDD1-8953-4575-A4D4-A60BD4C0966B}.Debug|x64.Build.0 = Debug|Any CPU
		{FCD5CDD1-8953-4575-A4D4-A60BD4C0966B}.Debug|x86.ActiveCfg = Debug|Any CPU
		{FCD5CDD1-8953-4575-A4D4-A60BD4C0966B}.Debug|x86.Build.0 = Debug|Any CPU
		{FCD5CDD1-8953-4575-A4D4-A60BD4C0966B}.Release|Any CPU.ActiveCfg = Release|Any CPU
		{FCD5CDD1-8953-4575-A4D4-A60BD4C0966B}.Release|Any CPU.Build.0 = Release|Any CPU
		{FCD5CDD1-8953-4575-A4D4-A60BD4C0966B}.Release|x64.ActiveCfg = Release|Any CPU
		{FCD5CDD1-8953-4575-A4D4-A60BD4C0966B}.Release|x64.Build.0 = Release|Any CPU
		{FCD5CDD1-8953-4575-A4D4-A60BD4C0966B}.Release|x86.ActiveCfg = Release|Any CPU
		{FCD5CDD1-8953-4575-A4D4-A60BD4C0966B}.Release|x86.Build.0 = Release|Any CPU
		{97FCA0ED-262A-4385-B38B-8B77012EFC60}.Debug|Any CPU.ActiveCfg = Debug|Any CPU
		{97FCA0ED-262A-4385-B38B-8B77012EFC60}.Debug|Any CPU.Build.0 = Debug|Any CPU
		{97FCA0ED-262A-4385-B38B-8B77012EFC60}.Debug|x64.ActiveCfg = Debug|Any CPU
		{97FCA0ED-262A-4385-B38B-8B77012EFC60}.Debug|x64.Build.0 = Debug|Any CPU
		{97FCA0ED-262A-4385-B38B-8B77012EFC60}.Debug|x86.ActiveCfg = Debug|Any CPU
		{97FCA0ED-262A-4385-B38B-8B77012EFC60}.Debug|x86.Build.0 = Debug|Any CPU
		{97FCA0ED-262A-4385-B38B-8B77012EFC60}.Release|Any CPU.ActiveCfg = Release|Any CPU
		{97FCA0ED-262A-4385-B38B-8B77012EFC60}.Release|Any CPU.Build.0 = Release|Any CPU
		{97FCA0ED-262A-4385-B38B-8B77012EFC60}.Release|x64.ActiveCfg = Release|Any CPU
		{97FCA0ED-262A-4385-B38B-8B77012EFC60}.Release|x64.Build.0 = Release|Any CPU
		{97FCA0ED-262A-4385-B38B-8B77012EFC60}.Release|x86.ActiveCfg = Release|Any CPU
		{97FCA0ED-262A-4385-B38B-8B77012EFC60}.Release|x86.Build.0 = Release|Any CPU
	EndGlobalSection
	GlobalSection(SolutionProperties) = preSolution
		HideSolutionNode = FALSE
	EndGlobalSection
	GlobalSection(NestedProjects) = preSolution
		{6245EDC6-7FF5-4F88-8404-65504C96D181} = {827E0CD3-B72D-47B6-A68D-7590B98EB39B}
		{E9FC798A-4A44-4C39-A30F-4D6C45C198D0} = {827E0CD3-B72D-47B6-A68D-7590B98EB39B}
		{F1A57537-8919-46B3-889E-B6D419A224CD} = {827E0CD3-B72D-47B6-A68D-7590B98EB39B}
		{C460E455-43DF-4AF2-96C3-C1F3E788C0BC} = {827E0CD3-B72D-47B6-A68D-7590B98EB39B}
		{FCD5CDD1-8953-4575-A4D4-A60BD4C0966B} = {0AB3BF05-4346-4AA6-1389-037BE0695223}
		{97FCA0ED-262A-4385-B38B-8B77012EFC60} = {0AB3BF05-4346-4AA6-1389-037BE0695223}
	EndGlobalSection
EndGlobal
